
Microsoft Visual Studio Solution File, Format Version 12.00
# Visual Studio Version 17
VisualStudioVersion = 17.14.37012.4 d17.14
MinimumVisualStudioVersion = 10.0.40219.1
Project("{FAE04EC0-301F-11D3-BF4B-00C04F79EFBC}") = "StudentHousingAPI", "StudentHousingAPI\StudentHousingAPI.csproj", "{A3E7A0AE-AB64-4D43-8CB3-BE0DF794F82B}"
EndProject
Project("{FAE04EC0-301F-11D3-BF4B-00C04F79EFBC}") = "Infrastructure", "Infrastructure\Infrastructure.csproj", "{1E2752F3-8F41-40F6-935D-C2AE8656D15B}"
EndProject
Project("{FAE04EC0-301F-11D3-BF4B-00C04F79EFBC}") = "Business", "Business\Business.csproj", "{672B37FA-303F-4BA0-B62C-6B38577DE28B}"
EndProject
Project("{FAE04EC0-301F-11D3-BF4B-00C04F79EFBC}") = "Shared", "Shared\Shared.csproj", "{AC8C0E01-4E77-421E-BDD4-85C2BC55EC1B}"
EndProject
Global
	GlobalSection(SolutionConfigurationPlatforms) = preSolution
		Debug|Any CPU = Debug|Any CPU
		Release|Any CPU = Release|Any CPU
	EndGlobalSection
	GlobalSection(ProjectConfigurationPlatforms) = postSolution
		{A3E7A0AE-AB64-4D43-8CB3-BE0DF794F82B}.Debug|Any CPU.ActiveCfg = Debug|Any CPU
		{A3E7A0AE-AB64-4D43-8CB3-BE0DF794F82B}.Debug|Any CPU.Build.0 = Debug|Any CPU
		{A3E7A0AE-AB64-4D43-8CB3-BE0DF794F82B}.Release|Any CPU.ActiveCfg = Release|Any CPU
		{A3E7A0AE-AB64-4D43-8CB3-BE0DF794F82B}.Release|Any CPU.Build.0 = Release|Any CPU
		{1E2752F3-8F41-40F6-935D-C2AE8656D15B}.Debug|Any CPU.ActiveCfg = Debug|Any CPU
		{1E2752F3-8F41-40F6-935D-C2AE8656D15B}.Debug|Any CPU.Build.0 = Debug|Any CPU
		{1E2752F3-8F41-40F6-935D-C2AE8656D15B}.Release|Any CPU.ActiveCfg = Release|Any CPU
		{1E2752F3-8F41-40F6-935D-C2AE8656D15B}.Release|Any CPU.Build.0 = Release|Any CPU
		{672B37FA-303F-4BA0-B62C-6B38577DE28B}.Debug|Any CPU.ActiveCfg = Debug|Any CPU
		{672B37FA-303F-4BA0-B62C-6B38577DE28B}.Debug|Any CPU.Build.0 = Debug|Any CPU
		{672B37FA-303F-4BA0-B62C-6B38577DE28B}.Release|Any CPU.ActiveCfg = Release|Any CPU
		{672B37FA-303F-4BA0-B62C-6B38577DE28B}.Release|Any CPU.Build.0 = Release|Any CPU
		{AC8C0E01-4E77-421E-BDD4-85C2BC55EC1B}.Debug|Any CPU.ActiveCfg = Debug|Any CPU
		{AC8C0E01-4E77-421E-BDD4-85C2BC55EC1B}.Debug|Any CPU.Build.0 = Debug|Any CPU
		{AC8C0E01-4E77-421E-BDD4-85C2BC55EC1B}.Release|Any CPU.ActiveCfg = Release|Any CPU
		{AC8C0E01-4E77-421E-BDD4-85C2BC55EC1B}.Release|Any CPU.Build.0 = Release|Any CPU
	EndGlobalSection
	GlobalSection(SolutionProperties) = preSolution
		HideSolutionNode = FALSE
	EndGlobalSection
	GlobalSection(ExtensibilityGlobals) = postSolution
		SolutionGuid = {81F0A797-EED8-4BB7-813E-A1B7C4D4AB72}
	EndGlobalSection
EndGlobal
